hash: 8eb7b12aa801d248714a6d5731bc1c23f2a0b7b6d4f153f3b422a753336bac4a
updated: 2017-10-09T10:18:49.70047827+08:00
imports:
- name: github.com/astaxie/beego
  version: 3162da131da68f38e85765781c9d1cc419963e67
  subpackages:
  - config
  - context
  - context/param
  - grace
  - logs
  - session
  - session/redis
  - toolbox
  - utils
  - validation
- name: github.com/dgrijalva/jwt-go
  version: a539ee1a749a2b895533f979515ac7e6e0f5b650
- name: github.com/garyburd/redigo
  version: 34a326de1fea52965fa5ad664d3fc7163dd4b0a1
  subpackages:
  - internal
  - redis
- name: github.com/go-sql-driver/mysql
  version: ee359f95877bdef36cbb602711e49b6f0becfca9
- name: golang.org/x/crypto
  version: 9419663f5a44be8b34ca85f08abc5fe1be11f8a3
  subpackages:
  - pbkdf2
  - scrypt
- name: gopkg.in/mgo.v2
  version: 3f83fa5005286a7fe593b055f0d7771a7dce4655
  subpackages:
  - bson
  - internal/json
  - internal/sasl
  - internal/scram
testImports:
- name: github.com/gopherjs/gopherjs
  version: 415225646bb92c4449bb484646f2c95a98402f6f
  subpackages:
  - js
- name: github.com/jtolds/gls
  version: 77f18212c9c7edc9bd6a33d383a7b545ce62f064
- name: github.com/smartystreets/assertions
  version: 0b37b35ec7434b77e77a4bb29b79677cced992ea
  subpackages:
  - internal/go-render/render
  - internal/oglematchers
- name: github.com/smartystreets/goconvey
  version: e5b2b7c9111590d019a696c7800593f666e1a7f4
  subpackages:
  - convey
  - convey/gotest
  - convey/reporting
